
Microsoft Visual Studio Solution File, Format Version 12.00
# Visual Studio 15
VisualStudioVersion = 15.0.27703.2018
MinimumVisualStudioVersion = 10.0.40219.1
Project("{FAE04EC0-301F-11D3-BF4B-00C04F79EFBC}") = "MachineLearningTest", "MachineLearningTest\MachineLearningTest.csproj", "{C52118CA-CE19-4699-976F-D780C448C694}"
EndProject
Global
	GlobalSection(SolutionConfigurationPlatforms) = preSolution
		Debug|Any CPU = Debug|Any CPU
		Debug|x64 = Debug|x64
		Release|Any CPU = Release|Any CPU
		Release|x64 = Release|x64
	EndGlobalSection
	GlobalSection(ProjectConfigurationPlatforms) = postSolution
		{C52118CA-CE19-4699-976F-D780C448C694}.Debug|Any CPU.ActiveCfg = Debug|Any CPU
		{C52118CA-CE19-4699-976F-D780C448C694}.Debug|Any CPU.Build.0 = Debug|Any CPU
		{C52118CA-CE19-4699-976F-D780C448C694}.Debug|x64.ActiveCfg = Debug|x64
		{C52118CA-CE19-4699-976F-D780C448C694}.Debug|x64.Build.0 = Debug|x64
		{C52118CA-CE19-4699-976F-D780C448C694}.Release|Any CPU.ActiveCfg = Release|Any CPU
		{C52118CA-CE19-4699-976F-D780C448C694}.Release|Any CPU.Build.0 = Release|Any CPU
		{C52118CA-CE19-4699-976F-D780C448C694}.Release|x64.ActiveCfg = Release|Any CPU
		{C52118CA-CE19-4699-976F-D780C448C694}.Release|x64.Build.0 = Release|Any CPU
	EndGlobalSection
	GlobalSection(SolutionProperties) = preSolution
		HideSolutionNode = FALSE
	EndGlobalSection
	GlobalSection(ExtensibilityGlobals) = postSolution
		SolutionGuid = {2AD7F077-DB99-4EFD-9438-0D28F0F315BF}
	EndGlobalSection
EndGlobal
